
Microsoft Visual Studio Solution File, Format Version 12.00
# Visual Studio Version 17
VisualStudioVersion = 17.12.35707.178 d17.12
MinimumVisualStudioVersion = 10.0.40219.1
Project("{8BC9CEB8-8B4A-11D0-8D11-00A0C91BC942}") = "GLS3_VS2012", "GLS3_VS2005\GLS3_VS2005.vcxproj", "{220C7B8E-7855-4F7E-A825-45483D52EC80}"
	ProjectSection(ProjectDependencies) = postProject
		{BF67FD83-4B8F-4360-9ED0-371BF493E1F9} = {BF67FD83-4B8F-4360-9ED0-371BF493E1F9}
	EndProjectSection
EndProject
Project("{8BC9CEB8-8B4A-11D0-8D11-00A0C91BC942}") = "ESL_NEW", "ESL_NEW\ESL_NEW.vcxproj", "{BF67FD83-4B8F-4360-9ED0-371BF493E1F9}"
EndProject
Project("{8BC9CEB8-8B4A-11D0-8D11-00A0C91BC942}") = "GLS4_OpenGL", "GLS4_OpenGL\GLS4_OpenGL.vcxproj", "{67203279-8B5B-4FE8-9D9F-ADAB1546C9C4}"
	ProjectSection(ProjectDependencies) = postProject
		{BF67FD83-4B8F-4360-9ED0-371BF493E1F9} = {BF67FD83-4B8F-4360-9ED0-371BF493E1F9}
	EndProjectSection
EndProject
Global
	GlobalSection(SolutionConfigurationPlatforms) = preSolution
		Debug|Win32 = Debug|Win32
		Debug|x64 = Debug|x64
		DebugMDd|Win32 = DebugMDd|Win32
		DebugMDd|x64 = DebugMDd|x64
		DebugNXP|Win32 = DebugNXP|Win32
		DebugNXP|x64 = DebugNXP|x64
		Release|Win32 = Release|Win32
		Release|x64 = Release|x64
		ReleaseMD|Win32 = ReleaseMD|Win32
		ReleaseMD|x64 = ReleaseMD|x64
		ReleaseNXP|Win32 = ReleaseNXP|Win32
		ReleaseNXP|x64 = ReleaseNXP|x64
	EndGlobalSection
	GlobalSection(ProjectConfigurationPlatforms) = postSolution
		{220C7B8E-7855-4F7E-A825-45483D52EC80}.Debug|Win32.ActiveCfg = Debug|Win32
		{220C7B8E-7855-4F7E-A825-45483D52EC80}.Debug|Win32.Build.0 = Debug|Win32
		{220C7B8E-7855-4F7E-A825-45483D52EC80}.Debug|x64.ActiveCfg = Debug|Win32
		{220C7B8E-7855-4F7E-A825-45483D52EC80}.DebugMDd|Win32.ActiveCfg = DebugNXP|Win32
		{220C7B8E-7855-4F7E-A825-45483D52EC80}.DebugMDd|Win32.Build.0 = DebugNXP|Win32
		{220C7B8E-7855-4F7E-A825-45483D52EC80}.DebugMDd|x64.ActiveCfg = ReleaseNXP|Win32
		{220C7B8E-7855-4F7E-A825-45483D52EC80}.DebugNXP|Win32.ActiveCfg = DebugNXP|Win32
		{220C7B8E-7855-4F7E-A825-45483D52EC80}.DebugNXP|Win32.Build.0 = DebugNXP|Win32
		{220C7B8E-7855-4F7E-A825-45483D52EC80}.DebugNXP|x64.ActiveCfg = DebugNXP|Win32
		{220C7B8E-7855-4F7E-A825-45483D52EC80}.Release|Win32.ActiveCfg = Release|Win32
		{220C7B8E-7855-4F7E-A825-45483D52EC80}.Release|Win32.Build.0 = Release|Win32
		{220C7B8E-7855-4F7E-A825-45483D52EC80}.Release|x64.ActiveCfg = Release|Win32
		{220C7B8E-7855-4F7E-A825-45483D52EC80}.ReleaseMD|Win32.ActiveCfg = ReleaseNXP|Win32
		{220C7B8E-7855-4F7E-A825-45483D52EC80}.ReleaseMD|x64.ActiveCfg = ReleaseNXP|Win32
		{220C7B8E-7855-4F7E-A825-45483D52EC80}.ReleaseNXP|Win32.ActiveCfg = ReleaseNXP|Win32
		{220C7B8E-7855-4F7E-A825-45483D52EC80}.ReleaseNXP|Win32.Build.0 = ReleaseNXP|Win32
		{220C7B8E-7855-4F7E-A825-45483D52EC80}.ReleaseNXP|x64.ActiveCfg = ReleaseNXP|Win32
		{BF67FD83-4B8F-4360-9ED0-371BF493E1F9}.Debug|Win32.ActiveCfg = Debug|Win32
		{BF67FD83-4B8F-4360-9ED0-371BF493E1F9}.Debug|Win32.Build.0 = Debug|Win32
		{BF67FD83-4B8F-4360-9ED0-371BF493E1F9}.Debug|x64.ActiveCfg = Debug|Win32
		{BF67FD83-4B8F-4360-9ED0-371BF493E1F9}.DebugMDd|Win32.ActiveCfg = Debug|Win32
		{BF67FD83-4B8F-4360-9ED0-371BF493E1F9}.DebugMDd|Win32.Build.0 = Debug|Win32
		{BF67FD83-4B8F-4360-9ED0-371BF493E1F9}.DebugMDd|x64.ActiveCfg = Release|Win32
		{BF67FD83-4B8F-4360-9ED0-371BF493E1F9}.DebugNXP|Win32.ActiveCfg = Debug|Win32
		{BF67FD83-4B8F-4360-9ED0-371BF493E1F9}.DebugNXP|Win32.Build.0 = Debug|Win32
		{BF67FD83-4B8F-4360-9ED0-371BF493E1F9}.DebugNXP|x64.ActiveCfg = Debug|Win32
		{BF67FD83-4B8F-4360-9ED0-371BF493E1F9}.Release|Win32.ActiveCfg = Release|Win32
		{BF67FD83-4B8F-4360-9ED0-371BF493E1F9}.Release|Win32.Build.0 = Release|Win32
		{BF67FD83-4B8F-4360-9ED0-371BF493E1F9}.Release|x64.ActiveCfg = Release|Win32
		{BF67FD83-4B8F-4360-9ED0-371BF493E1F9}.ReleaseMD|Win32.ActiveCfg = Release|Win32
		{BF67FD83-4B8F-4360-9ED0-371BF493E1F9}.ReleaseMD|x64.ActiveCfg = Release|Win32
		{BF67FD83-4B8F-4360-9ED0-371BF493E1F9}.ReleaseNXP|Win32.ActiveCfg = Release|Win32
		{BF67FD83-4B8F-4360-9ED0-371BF493E1F9}.ReleaseNXP|Win32.Build.0 = Release|Win32
		{BF67FD83-4B8F-4360-9ED0-371BF493E1F9}.ReleaseNXP|x64.ActiveCfg = Release|Win32
		{67203279-8B5B-4FE8-9D9F-ADAB1546C9C4}.Debug|Win32.ActiveCfg = Debug|Win32
		{67203279-8B5B-4FE8-9D9F-ADAB1546C9C4}.Debug|Win32.Build.0 = Debug|Win32
		{67203279-8B5B-4FE8-9D9F-ADAB1546C9C4}.Debug|x64.ActiveCfg = Debug|x64
		{67203279-8B5B-4FE8-9D9F-ADAB1546C9C4}.Debug|x64.Build.0 = Debug|x64
		{67203279-8B5B-4FE8-9D9F-ADAB1546C9C4}.DebugMDd|Win32.ActiveCfg = DebugMDd|Win32
		{67203279-8B5B-4FE8-9D9F-ADAB1546C9C4}.DebugMDd|Win32.Build.0 = DebugMDd|Win32
		{67203279-8B5B-4FE8-9D9F-ADAB1546C9C4}.DebugMDd|x64.ActiveCfg = DebugMDd|x64
		{67203279-8B5B-4FE8-9D9F-ADAB1546C9C4}.DebugMDd|x64.Build.0 = DebugMDd|x64
		{67203279-8B5B-4FE8-9D9F-ADAB1546C9C4}.DebugNXP|Win32.ActiveCfg = DebugNXP|Win32
		{67203279-8B5B-4FE8-9D9F-ADAB1546C9C4}.DebugNXP|Win32.Build.0 = DebugNXP|Win32
		{67203279-8B5B-4FE8-9D9F-ADAB1546C9C4}.DebugNXP|x64.ActiveCfg = DebugNXP|x64
		{67203279-8B5B-4FE8-9D9F-ADAB1546C9C4}.DebugNXP|x64.Build.0 = DebugNXP|x64
		{67203279-8B5B-4FE8-9D9F-ADAB1546C9C4}.Release|Win32.ActiveCfg = Release|Win32
		{67203279-8B5B-4FE8-9D9F-ADAB1546C9C4}.Release|Win32.Build.0 = Release|Win32
		{67203279-8B5B-4FE8-9D9F-ADAB1546C9C4}.Release|x64.ActiveCfg = Release|x64
		{67203279-8B5B-4FE8-9D9F-ADAB1546C9C4}.Release|x64.Build.0 = Release|x64
		{67203279-8B5B-4FE8-9D9F-ADAB1546C9C4}.ReleaseMD|Win32.ActiveCfg = ReleaseMD|Win32
		{67203279-8B5B-4FE8-9D9F-ADAB1546C9C4}.ReleaseMD|Win32.Build.0 = ReleaseMD|Win32
		{67203279-8B5B-4FE8-9D9F-ADAB1546C9C4}.ReleaseMD|x64.ActiveCfg = ReleaseMD|x64
		{67203279-8B5B-4FE8-9D9F-ADAB1546C9C4}.ReleaseMD|x64.Build.0 = ReleaseMD|x64
		{67203279-8B5B-4FE8-9D9F-ADAB1546C9C4}.ReleaseNXP|Win32.ActiveCfg = ReleaseNXP|Win32
		{67203279-8B5B-4FE8-9D9F-ADAB1546C9C4}.ReleaseNXP|Win32.Build.0 = ReleaseNXP|Win32
		{67203279-8B5B-4FE8-9D9F-ADAB1546C9C4}.ReleaseNXP|x64.ActiveCfg = ReleaseNXP|x64
		{67203279-8B5B-4FE8-9D9F-ADAB1546C9C4}.ReleaseNXP|x64.Build.0 = ReleaseNXP|x64
	EndGlobalSection
	GlobalSection(SolutionProperties) = preSolution
		HideSolutionNode = FALSE
	EndGlobalSection
	GlobalSection(ExtensibilityGlobals) = postSolution
		SolutionGuid = {8592598C-2A0A-4FF1-86F1-B03E9F894664}
	EndGlobalSection
EndGlobal
